
Microsoft Visual Studio Solution File, Format Version 12.00
# Visual Studio Version 16
VisualStudioVersion = 16.0.31727.386
MinimumVisualStudioVersion = 10.0.40219.1
Project("{FAE04EC0-301F-11D3-BF4B-00C04F79EFBC}") = "SchoolEntities", "SchoolEntities\SchoolEntities.csproj", "{5BFBC55D-28B0-437A-9808-40C298C6F49E}"
EndProject
Project("{FAE04EC0-301F-11D3-BF4B-00C04F79EFBC}") = "SchoolDAL", "SchoolDAL\SchoolDAL.csproj", "{166592BA-D377-4442-BA73-7747737A234C}"
EndProject
Project("{FAE04EC0-301F-11D3-BF4B-00C04F79EFBC}") = "SchoolBLL", "SchoolBLL\SchoolBLL.csproj", "{671857C6-49CD-4901-AB9E-16A087579E93}"
EndProject
Project("{FAE04EC0-301F-11D3-BF4B-00C04F79EFBC}") = "SchoolWEB", "SchoolWEB\SchoolWEB.csproj", "{CD39FDFE-FA5C-4435-A90C-468F7FC8FDAC}"
EndProject
Global
	GlobalSection(SolutionConfigurationPlatforms) = preSolution
		Debug|Any CPU = Debug|Any CPU
		Release|Any CPU = Release|Any CPU
	EndGlobalSection
	GlobalSection(ProjectConfigurationPlatforms) = postSolution
		{5BFBC55D-28B0-437A-9808-40C298C6F49E}.Debug|Any CPU.ActiveCfg = Debug|Any CPU
		{5BFBC55D-28B0-437A-9808-40C298C6F49E}.Debug|Any CPU.Build.0 = Debug|Any CPU
		{5BFBC55D-28B0-437A-9808-40C298C6F49E}.Release|Any CPU.ActiveCfg = Release|Any CPU
		{5BFBC55D-28B0-437A-9808-40C298C6F49E}.Release|Any CPU.Build.0 = Release|Any CPU
		{166592BA-D377-4442-BA73-7747737A234C}.Debug|Any CPU.ActiveCfg = Debug|Any CPU
		{166592BA-D377-4442-BA73-7747737A234C}.Debug|Any CPU.Build.0 = Debug|Any CPU
		{166592BA-D377-4442-BA73-7747737A234C}.Release|Any CPU.ActiveCfg = Release|Any CPU
		{166592BA-D377-4442-BA73-7747737A234C}.Release|Any CPU.Build.0 = Release|Any CPU
		{671857C6-49CD-4901-AB9E-16A087579E93}.Debug|Any CPU.ActiveCfg = Debug|Any CPU
		{671857C6-49CD-4901-AB9E-16A087579E93}.Debug|Any CPU.Build.0 = Debug|Any CPU
		{671857C6-49CD-4901-AB9E-16A087579E93}.Release|Any CPU.ActiveCfg = Release|Any CPU
		{671857C6-49CD-4901-AB9E-16A087579E93}.Release|Any CPU.Build.0 = Release|Any CPU
		{CD39FDFE-FA5C-4435-A90C-468F7FC8FDAC}.Debug|Any CPU.ActiveCfg = Debug|Any CPU
		{CD39FDFE-FA5C-4435-A90C-468F7FC8FDAC}.Debug|Any CPU.Build.0 = Debug|Any CPU
		{CD39FDFE-FA5C-4435-A90C-468F7FC8FDAC}.Release|Any CPU.ActiveCfg = Release|Any CPU
		{CD39FDFE-FA5C-4435-A90C-468F7FC8FDAC}.Release|Any CPU.Build.0 = Release|Any CPU
	EndGlobalSection
	GlobalSection(SolutionProperties) = preSolution
		HideSolutionNode = FALSE
	EndGlobalSection
	GlobalSection(ExtensibilityGlobals) = postSolution
		SolutionGuid = {F58BDC66-6FB4-4A16-B4C8-228070E32565}
	EndGlobalSection
EndGlobal
