
Microsoft Visual Studio Solution File, Format Version 12.00
# Visual Studio Version 17
VisualStudioVersion = 17.0.31903.59
MinimumVisualStudioVersion = 10.0.40219.1
Project("{9A19103F-16F7-4668-BE54-9A1E7A4F7556}") = "Lab16", "Lab16.csproj", "{B63362ED-F61E-46E0-A25B-61AA9C29AC9A}"
EndProject
Global
	GlobalSection(SolutionConfigurationPlatforms) = preSolution
		Debug|Any CPU = Debug|Any CPU
		Release|Any CPU = Release|Any CPU
	EndGlobalSection
	GlobalSection(ProjectConfigurationPlatforms) = postSolution
		{B63362ED-F61E-46E0-A25B-61AA9C29AC9A}.Debug|Any CPU.ActiveCfg = Debug|Any CPU
		{B63362ED-F61E-46E0-A25B-61AA9C29AC9A}.Debug|Any CPU.Build.0 = Debug|Any CPU
		{B63362ED-F61E-46E0-A25B-61AA9C29AC9A}.Release|Any CPU.ActiveCfg = Release|Any CPU
		{B63362ED-F61E-46E0-A25B-61AA9C29AC9A}.Release|Any CPU.Build.0 = Release|Any CPU
	EndGlobalSection
	GlobalSection(SolutionProperties) = preSolution
		HideSolutionNode = FALSE
	EndGlobalSection
	GlobalSection(ExtensibilityGlobals) = postSolution
		SolutionGuid = {93B4CB02-798C-4407-8BE6-A0AFE860F0BC}
	EndGlobalSection
EndGlobal
