
Microsoft Visual Studio Solution File, Format Version 12.00
# Visual Studio Version 17
VisualStudioVersion = 17.0.31903.59
MinimumVisualStudioVersion = 10.0.40219.1
Project("{FAE04EC0-301F-11D3-BF4B-00C04F79EFBC}") = "Lab15", "Lab15.csproj", "{50625B11-BCC6-4ED6-822E-5FECC916962C}"
EndProject
Global
	GlobalSection(SolutionConfigurationPlatforms) = preSolution
		Debug|Any CPU = Debug|Any CPU
		Release|Any CPU = Release|Any CPU
	EndGlobalSection
	GlobalSection(ProjectConfigurationPlatforms) = postSolution
		{50625B11-BCC6-4ED6-822E-5FECC916962C}.Debug|Any CPU.ActiveCfg = Debug|Any CPU
		{50625B11-BCC6-4ED6-822E-5FECC916962C}.Debug|Any CPU.Build.0 = Debug|Any CPU
		{50625B11-BCC6-4ED6-822E-5FECC916962C}.Release|Any CPU.ActiveCfg = Release|Any CPU
		{50625B11-BCC6-4ED6-822E-5FECC916962C}.Release|Any CPU.Build.0 = Release|Any CPU
	EndGlobalSection
	GlobalSection(SolutionProperties) = preSolution
		HideSolutionNode = FALSE
	EndGlobalSection
	GlobalSection(ExtensibilityGlobals) = postSolution
		SolutionGuid = {44920CCD-C5ED-4006-A813-72F5C9677063}
	EndGlobalSection
EndGlobal
